
Microsoft Visual Studio Solution File, Format Version 12.00
# Visual Studio Version 17
VisualStudioVersion = 17.10.35004.147
MinimumVisualStudioVersion = 10.0.40219.1
Project("{FAE04EC0-301F-11D3-BF4B-00C04F79EFBC}") = "donginProgram", "donginProgram.csproj", "{5A42EB55-B4B6-4B8C-909A-4E64D13B9417}"
EndProject
Global
	GlobalSection(SolutionConfigurationPlatforms) = preSolution
		Debug|Any CPU = Debug|Any CPU
		Release|Any CPU = Release|Any CPU
	EndGlobalSection
	GlobalSection(ProjectConfigurationPlatforms) = postSolution
		{5A42EB55-B4B6-4B8C-909A-4E64D13B9417}.Debug|Any CPU.ActiveCfg = Debug|Any CPU
		{5A42EB55-B4B6-4B8C-909A-4E64D13B9417}.Debug|Any CPU.Build.0 = Debug|Any CPU
		{5A42EB55-B4B6-4B8C-909A-4E64D13B9417}.Release|Any CPU.ActiveCfg = Release|Any CPU
		{5A42EB55-B4B6-4B8C-909A-4E64D13B9417}.Release|Any CPU.Build.0 = Release|Any CPU
	EndGlobalSection
	GlobalSection(SolutionProperties) = preSolution
		HideSolutionNode = FALSE
	EndGlobalSection
	GlobalSection(ExtensibilityGlobals) = postSolution
		SolutionGuid = {8FBFFD7C-C518-41F0-8E06-F12CE79F2B2B}
	EndGlobalSection
EndGlobal
